
Microsoft Visual Studio Solution File, Format Version 12.00
# Visual Studio Version 16
VisualStudioVersion = 16.0.29424.173
MinimumVisualStudioVersion = 10.0.40219.1
Project("{8BC9CEB8-8B4A-11D0-8D11-00A0C91BC942}") = "ConsoleApplication7", "ConsoleApplication7\ConsoleApplication7.vcxproj", "{D5F65BAE-4824-45BA-9345-F85FB17182AA}"
EndProject
Global
	GlobalSection(SolutionConfigurationPlatforms) = preSolution
		Debug|x64 = Debug|x64
		Debug|x86 = Debug|x86
		Release|x64 = Release|x64
		Release|x86 = Release|x86
	EndGlobalSection
	GlobalSection(ProjectConfigurationPlatforms) = postSolution
		{D5F65BAE-4824-45BA-9345-F85FB17182AA}.Debug|x64.ActiveCfg = Debug|x64
		{D5F65BAE-4824-45BA-9345-F85FB17182AA}.Debug|x64.Build.0 = Debug|x64
		{D5F65BAE-4824-45BA-9345-F85FB17182AA}.Debug|x86.ActiveCfg = Debug|Win32
		{D5F65BAE-4824-45BA-9345-F85FB17182AA}.Debug|x86.Build.0 = Debug|Win32
		{D5F65BAE-4824-45BA-9345-F85FB17182AA}.Release|x64.ActiveCfg = Release|x64
		{D5F65BAE-4824-45BA-9345-F85FB17182AA}.Release|x64.Build.0 = Release|x64
		{D5F65BAE-4824-45BA-9345-F85FB17182AA}.Release|x86.ActiveCfg = Release|Win32
		{D5F65BAE-4824-45BA-9345-F85FB17182AA}.Release|x86.Build.0 = Release|Win32
	EndGlobalSection
	GlobalSection(SolutionProperties) = preSolution
		HideSolutionNode = FALSE
	EndGlobalSection
	GlobalSection(ExtensibilityGlobals) = postSolution
		SolutionGuid = {4B4EF962-E063-443E-80B7-5AB1D73DFE2D}
	EndGlobalSection
EndGlobal
